// !$*UTF8*$!
{
	archiveVersion = 1;
	classes = {
	};
	objectVersion = 50;
	objects = {

/* Begin PBXBuildFile section */
		C65AAB172386DA4E00F0229A /* AppDelegate.m in Sources */ = {isa = PBXBuildFile; fileRef = C65AAB162386DA4E00F0229A /* AppDelegate.m */; };
		C65AAB1A2386DA4E00F0229A /* Document.m in Sources */ = {isa = PBXBuildFile; fileRef = C65AAB192386DA4E00F0229A /* Document.m */; };
		C65AAB1D2386DA4E00F0229A /* Document.xib in Resources */ = {isa = PBXBuildFile; fileRef = C65AAB1B2386DA4E00F0229A /* Document.xib */; };
		C65AAB1F2386DA5000F0229A /* Assets.xcassets in Resources */ = {isa = PBXBuildFile; fileRef = C65AAB1E2386DA5000F0229A /* Assets.xcassets */; };
		C65AAB222386DA5000F0229A /* MainMenu.xib in Resources */ = {isa = PBXBuildFile; fileRef = C65AAB202386DA5000F0229A /* MainMenu.xib */; };
		C65AAB252386DA5000F0229A /* main.m in Sources */ = {isa = PBXBuildFile; fileRef = C65AAB242386DA5000F0229A /* main.m */; };
/* End PBXBuildFile section */

/* Begin PBXFileReference section */
		C65AAB122386DA4E00F0229A /* AnEx.app */ = {isa = PBXFileReference; explicitFileType = wrapper.application; includeInIndex = 0; path = AnEx.app; sourceTree = BUILT_PRODUCTS_DIR; };
		C65AAB152386DA4E00F0229A /* AppDelegate.h */ = {isa = PBXFileReference; lastKnownFileType = sourcecode.c.h; path = AppDelegate.h; sourceTree = "<group>"; };
		C65AAB162386DA4E00F0229A /* AppDelegate.m */ = {isa = PBXFileReference; lastKnownFileType = sourcecode.c.objc; path = AppDelegate.m; sourceTree = "<group>"; };
		C65AAB182386DA4E00F0229A /* Document.h */ = {isa = PBXFileReference; lastKnownFileType = sourcecode.c.h; path = Document.h; sourceTree = "<group>"; };
		C65AAB192386DA4E00F0229A /* Document.m */ = {isa = PBXFileReference; lastKnownFileType = sourcecode.c.objc; path = Document.m; sourceTree = "<group>"; };
		C65AAB1C2386DA4E00F0229A /* Base */ = {isa = PBXFileReference; lastKnownFileType = file.xib; name = Base; path = Base.lproj/Document.xib; sourceTree = "<group>"; };
		C65AAB1E2386DA5000F0229A /* Assets.xcassets */ = {isa = PBXFileReference; lastKnownFileType = folder.assetcatalog; path = Assets.xcassets; sourceTree = "<group>"; };
		C65AAB212386DA5000F0229A /* Base */ = {isa = PBXFileReference; lastKnownFileType = file.xib; name = Base; path = Base.lproj/MainMenu.xib; sourceTree = "<group>"; };
		C65AAB232386DA5000F0229A /* Info.plist */ = {isa = PBXFileReference; lastKnownFileType = text.plist.xml; path = Info.plist; sourceTree = "<group>"; };
		C65AAB242386DA5000F0229A /* main.m */ = {isa = PBXFileReference; lastKnownFileType = sourcecode.c.objc; path = main.m; sourceTree = "<group>"; };
		C65AAB262386DA5000F0229A /* AnEx.entitlements */ = {isa = PBXFileReference; lastKnownFileType = text.plist.entitlements; path = AnEx.entitlements; sourceTree = "<group>"; };
/* End PBXFileReference section */

/* Begin PBXFrameworksBuildPhase section */
		C65AAB0F2386DA4E00F0229A /* Frameworks */ = {
			isa = PBXFrameworksBuildPhase;
			buildActionMask = 2147483647;
			files = (
			);
			runOnlyForDeploymentPostprocessing = 0;
		};
/* End PBXFrameworksBuildPhase section */

/* Begin PBXGroup section */
		C65AAB092386DA4E00F0229A = {
			isa = PBXGroup;
			children = (
				C65AAB142386DA4E00F0229A /* AnEx */,
				C65AAB132386DA4E00F0229A /* Products */,
			);
			sourceTree = "<group>";
		};
		C65AAB132386DA4E00F0229A /* Products */ = {
			isa = PBXGroup;
			children = (
				C65AAB122386DA4E00F0229A /* AnEx.app */,
			);
			name = Products;
			sourceTree = "<group>";
		};
		C65AAB142386DA4E00F0229A /* AnEx */ = {
			isa = PBXGroup;
			children = (
				C65AAB152386DA4E00F0229A /* AppDelegate.h */,
				C65AAB162386DA4E00F0229A /* AppDelegate.m */,
				C65AAB182386DA4E00F0229A /* Document.h */,
				C65AAB192386DA4E00F0229A /* Document.m */,
				C65AAB1B2386DA4E00F0229A /* Document.xib */,
				C65AAB1E2386DA5000F0229A /* Assets.xcassets */,
				C65AAB202386DA5000F0229A /* MainMenu.xib */,
				C65AAB232386DA5000F0229A /* Info.plist */,
				C65AAB242386DA5000F0229A /* main.m */,
				C65AAB262386DA5000F0229A /* AnEx.entitlements */,
			);
			path = AnEx;
			sourceTree = "<group>";
		};
/* End PBXGroup section */

/* Begin PBXNativeTarget section */
		C65AAB112386DA4E00F0229A /* AnEx */ = {
			isa = PBXNativeTarget;
			buildConfigurationList = C65AAB292386DA5000F0229A /* Build configuration list for PBXNativeTarget "AnEx" */;
			buildPhases = (
				C65AAB0E2386DA4E00F0229A /* Sources */,
				C65AAB0F2386DA4E00F0229A /* Frameworks */,
				C65AAB102386DA4E00F0229A /* Resources */,
			);
			buildRules = (
			);
			dependencies = (
			);
			name = AnEx;
			productName = AnEx;
			productReference = C65AAB122386DA4E00F0229A /* AnEx.app */;
			productType = "com.apple.product-type.application";
		};
/* End PBXNativeTarget section */

/* Begin PBXProject section */
		C65AAB0A2386DA4E00F0229A /* Project object */ = {
			isa = PBXProject;
			attributes = {
				LastUpgradeCheck = 1120;
				ORGANIZATIONNAME = Alistar;
				TargetAttributes = {
					C65AAB112386DA4E00F0229A = {
						CreatedOnToolsVersion = 11.2;
					};
				};
			};
			buildConfigurationList = C65AAB0D2386DA4E00F0229A /* Build configuration list for PBXProject "AnEx" */;
			compatibilityVersion = "Xcode 9.3";
			developmentRegion = en;
			hasScannedForEncodings = 0;
			knownRegions = (
				en,
				Base,
			);
			mainGroup = C65AAB092386DA4E00F0229A;
			productRefGroup = C65AAB132386DA4E00F0229A /* Products */;
			projectDirPath = "";
			projectRoot = "";
			targets = (
				C65AAB112386DA4E00F0229A /* AnEx */,
			);
		};
/* End PBXProject section */

/* Begin PBXResourcesBuildPhase section */
		C65AAB102386DA4E00F0229A /* Resources */ = {
			isa = PBXResourcesBuildPhase;
			buildActionMask = 2147483647;
			files = (
				C65AAB1F2386DA5000F0229A /* Assets.xcassets in Resources */,
				C65AAB1D2386DA4E00F0229A /* Document.xib in Resources */,
				C65AAB222386DA5000F0229A /* MainMenu.xib in Resources */,
			);
			runOnlyForDeploymentPostprocessing = 0;
		};
/* End PBXResourcesBuildPhase section */

/* Begin PBXSourcesBuildPhase section */
		C65AAB0E2386DA4E00F0229A /* Sources */ = {
			isa = PBXSourcesBuildPhase;
			buildActionMask = 2147483647;
			files = (
				C65AAB1A2386DA4E00F0229A /* Document.m in Sources */,
				C65AAB252386DA5000F0229A /* main.m in Sources */,
				C65AAB172386DA4E00F0229A /* AppDelegate.m in Sources */,
			);
			runOnlyForDeploymentPostprocessing = 0;
		};
/* End PBXSourcesBuildPhase section */

/* Begin PBXVariantGroup section */
		C65AAB1B2386DA4E00F0229A /* Document.xib */ = {
			isa = PBXVariantGroup;
			children = (
				C65AAB1C2386DA4E00F0229A /* Base */,
			);
			name = Document.xib;
			sourceTree = "<group>";
		};
		C65AAB202386DA5000F0229A /* MainMenu.xib */ = {
			isa = PBXVariantGroup;
			children = (
				C65AAB212386DA5000F0229A /* Base */,
			);
			name = MainMenu.xib;
			sourceTree = "<group>";
		};
/* End PBXVariantGroup section */

/* Begin XCBuildConfiguration section */
		C65AAB272386DA5000F0229A /* Debug */ = {
			isa = XCBuildConfiguration;
			buildSettings = {
				ALWAYS_SEARCH_USER_PATHS = NO;
				CLANG_ANALYZER_NONNULL = YES;
				CLANG_ANALYZER_NUMBER_OBJECT_CONVERSION = YES_AGGRESSIVE;
				CLANG_CXX_LANGUAGE_STANDARD = "gnu++14";
				CLANG_CXX_LIBRARY = "libc++";
				CLANG_ENABLE_MODULES = YES;
				CLANG_ENABLE_OBJC_ARC = YES;
				CLANG_ENABLE_OBJC_WEAK = YES;
				CLANG_WARN_BLOCK_CAPTURE_AUTORELEASING = YES;
				CLANG_WARN_BOOL_CONVERSION = YES;
				CLANG_WARN_COMMA = YES;
				CLANG_WARN_CONSTANT_CONVERSION = YES;
				CLANG_WARN_DEPRECATED_OBJC_IMPLEMENTATIONS = YES;
				CLANG_WARN_DIRECT_OBJC_ISA_USAGE = YES_ERROR;
				CLANG_WARN_DOCUMENTATION_COMMENTS = YES;
				CLANG_WARN_EMPTY_BODY = YES;
				CLANG_WARN_ENUM_CONVERSION = YES;
				CLANG_WARN_INFINITE_RECURSION = YES;
				CLANG_WARN_INT_CONVERSION = YES;
				CLANG_WARN_NON_LITERAL_NULL_CONVERSION = YES;
				CLANG_WARN_OBJC_IMPLICIT_RETAIN_SELF = YES;
				CLANG_WARN_OBJC_LITERAL_CONVERSION = YES;
				CLANG_WARN_OBJC_ROOT_CLASS = YES_ERROR;
				CLANG_WARN_RANGE_LOOP_ANALYSIS = YES;
				CLANG_WARN_STRICT_PROTOTYPES = YES;
				CLANG_WARN_SUSPICIOUS_MOVE = YES;
				CLANG_WARN_UNGUARDED_AVAILABILITY = YES_AGGRESSIVE;
				CLANG_WARN_UNREACHABLE_CODE = YES;
				CLANG_WARN__DUPLICATE_METHOD_MATCH = YES;
				COPY_PHASE_STRIP = NO;
				DEBUG_INFORMATION_FORMAT = dwarf;
				ENABLE_STRICT_OBJC_MSGSEND = YES;
				ENABLE_TESTABILITY = YES;
				GCC_C_LANGUAGE_STANDARD = gnu11;
				GCC_DYNAMIC_NO_PIC = NO;
				GCC_NO_COMMON_BLOCKS = YES;
				GCC_OPTIMIZATION_LEVEL = 0;
				GCC_PREPROCESSOR_DEFINITIONS = (
					"DEBUG=1",
					"$(inherited)",
				);
				GCC_WARN_64_TO_32_BIT_CONVERSION = YES;
				GCC_WARN_ABOUT_RETURN_TYPE = YES_ERROR;
				GCC_WARN_UNDECLARED_SELECTOR = YES;
				GCC_WARN_UNINITIALIZED_AUTOS = YES_AGGRESSIVE;
				GCC_WARN_UNUSED_FUNCTION = YES;
				GCC_WARN_UNUSED_VARIABLE = YES;
				MACOSX_DEPLOYMENT_TARGET = 10.15;
				MTL_ENABLE_DEBUG_INFO = INCLUDE_SOURCE;
				MTL_FAST_MATH = YES;
				ONLY_ACTIVE_ARCH = YES;
				SDKROOT = macosx;
			};
			name = Debug;
		};
		C65AAB282386DA5000F0229A /* Release */ = {
			isa = XCBuildConfiguration;
			buildSettings = {
				ALWAYS_SEARCH_USER_PATHS = NO;
				CLANG_ANALYZER_NONNULL = YES;
				CLANG_ANALYZER_NUMBER_OBJECT_CONVERSION = YES_AGGRESSIVE;
				CLANG_CXX_LANGUAGE_STANDARD = "gnu++14";
				CLANG_CXX_LIBRARY = "libc++";
				CLANG_ENABLE_MODULES = YES;
				CLANG_ENABLE_OBJC_ARC = YES;
				CLANG_ENABLE_OBJC_WEAK = YES;
				CLANG_WARN_BLOCK_CAPTURE_AUTORELEASING = YES;
				CLANG_WARN_BOOL_CONVERSION = YES;
				CLANG_WARN_COMMA = YES;
				CLANG_WARN_CONSTANT_CONVERSION = YES;
				CLANG_WARN_DEPRECATED_OBJC_IMPLEMENTATIONS = YES;
				CLANG_WARN_DIRECT_OBJC_ISA_USAGE = YES_ERROR;
				CLANG_WARN_DOCUMENTATION_COMMENTS = YES;
				CLANG_WARN_EMPTY_BODY = YES;
				CLANG_WARN_ENUM_CONVERSION = YES;
				CLANG_WARN_INFINITE_RECURSION = YES;
				CLANG_WARN_INT_CONVERSION = YES;
				CLANG_WARN_NON_LITERAL_NULL_CONVERSION = YES;
				CLANG_WARN_OBJC_IMPLICIT_RETAIN_SELF = YES;
				CLANG_WARN_OBJC_LITERAL_CONVERSION = YES;
				CLANG_WARN_OBJC_ROOT_CLASS = YES_ERROR;
				CLANG_WARN_RANGE_LOOP_ANALYSIS = YES;
				CLANG_WARN_STRICT_PROTOTYPES = YES;
				CLANG_WARN_SUSPICIOUS_MOVE = YES;
				CLANG_WARN_UNGUARDED_AVAILABILITY = YES_AGGRESSIVE;
				CLANG_WARN_UNREACHABLE_CODE = YES;
				CLANG_WARN__DUPLICATE_METHOD_MATCH = YES;
				COPY_PHASE_STRIP = NO;
				DEBUG_INFORMATION_FORMAT = "dwarf-with-dsym";
				ENABLE_NS_ASSERTIONS = NO;
				ENABLE_STRICT_OBJC_MSGSEND = YES;
				GCC_C_LANGUAGE_STANDARD = gnu11;
				GCC_NO_COMMON_BLOCKS = YES;
				GCC_WARN_64_TO_32_BIT_CONVERSION = YES;
				GCC_WARN_ABOUT_RETURN_TYPE = YES_ERROR;
				GCC_WARN_UNDECLARED_SELECTOR = YES;
				GCC_WARN_UNINITIALIZED_AUTOS = YES_AGGRESSIVE;
				GCC_WARN_UNUSED_FUNCTION = YES;
				GCC_WARN_UNUSED_VARIABLE = YES;
				MACOSX_DEPLOYMENT_TARGET = 10.15;
				MTL_ENABLE_DEBUG_INFO = NO;
				MTL_FAST_MATH = YES;
				SDKROOT = macosx;
			};
			name = Release;
		};
		C65AAB2A2386DA5000F0229A /* Debug */ = {
			isa = XCBuildConfiguration;
			buildSettings = {
				ASSETCATALOG_COMPILER_APPICON_NAME = AppIcon;
				CODE_SIGN_ENTITLEMENTS = AnEx/AnEx.entitlements;
				CODE_SIGN_STYLE = Automatic;
				COMBINE_HIDPI_IMAGES = YES;
				INFOPLIST_FILE = AnEx/Info.plist;
				LD_RUNPATH_SEARCH_PATHS = (
					"$(inherited)",
					"@executable_path/../Frameworks",
				);
				PRODUCT_BUNDLE_IDENTIFIER = com.alistar.AnEx;
				PRODUCT_NAME = "$(TARGET_NAME)";
			};
			name = Debug;
		};
		C65AAB2B2386DA5000F0229A /* Release */ = {
			isa = XCBuildConfiguration;
			buildSettings = {
				ASSETCATALOG_COMPILER_APPICON_NAME = AppIcon;
				CODE_SIGN_ENTITLEMENTS = AnEx/AnEx.entitlements;
				CODE_SIGN_STYLE = Automatic;
				COMBINE_HIDPI_IMAGES = YES;
				INFOPLIST_FILE = AnEx/Info.plist;
				LD_RUNPATH_SEARCH_PATHS = (
					"$(inherited)",
					"@executable_path/../Frameworks",
				);
				PRODUCT_BUNDLE_IDENTIFIER = com.alistar.AnEx;
				PRODUCT_NAME = "$(TARGET_NAME)";
			};
			name = Release;
		};
/* End XCBuildConfiguration section */

/* Begin XCConfigurationList section */
		C65AAB0D2386DA4E00F0229A /* Build configuration list for PBXProject "AnEx" */ = {
			isa = XCConfigurationList;
			buildConfigurations = (
				C65AAB272386DA5000F0229A /* Debug */,
				C65AAB282386DA5000F0229A /* Release */,
			);
			defaultConfigurationIsVisible = 0;
			defaultConfigurationName = Release;
		};
		C65AAB292386DA5000F0229A /* Build configuration list for PBXNativeTarget "AnEx" */ = {
			isa = XCConfigurationList;
			buildConfigurations = (
				C65AAB2A2386DA5000F0229A /* Debug */,
				C65AAB2B2386DA5000F0229A /* Release */,
			);
			defaultConfigurationIsVisible = 0;
			defaultConfigurationName = Release;
		};
/* End XCConfigurationList section */
	};
	rootObject = C65AAB0A2386DA4E00F0229A /* Project object */;
}
